{
  "nodes": {
    "gsay": {
      "inputs": {
        "nixpkgs": "nixpkgs"
      },
      "locked": {
        "lastModified": 1715729801,
        "narHash": "sha256-eQy0qV3Bc72kpWEZaXF2J8dVugTSEiVvvuEIEKO6e4w=",
        "owner": "johannesCmayer",
        "repo": "gsay",
        "rev": "9470542c5cff8df6572102492fbbaa6440fd2f34",
        "type": "github"
      },
      "original": {
        "owner": "johannesCmayer",
        "repo": "gsay",
        "type": "github"
      }
    },
    "nixpkgs": {
      "locked": {
        "lastModified": 1715542476,
        "narHash": "sha256-FF593AtlzQqa8JpzrXyRws4CeKbc5W86o8tHt4nRfIg=",
        "owner": "NixOS",
        "repo": "nixpkgs",
        "rev": "44072e24566c5bcc0b7aa9178a0104f4cfffab19",
        "type": "github"
      },
      "original": {
        "id": "nixpkgs",
        "ref": "nixos-23.11",
        "type": "indirect"
      }
    },
    "nixpkgs_2": {
      "locked": {
        "lastModified": 1715668745,
        "narHash": "sha256-xp62OkRkbUDNUc6VSqH02jB0FbOS+MsfMb7wL1RJOfA=",
        "owner": "NixOS",
        "repo": "nixpkgs",
        "rev": "9ddcaffecdf098822d944d4147dd8da30b4e6843",
        "type": "github"
      },
      "original": {
        "id": "nixpkgs",
        "ref": "nixos-23.11",
        "type": "indirect"
      }
    },
    "root": {
      "inputs": {
        "gsay": "gsay",
        "nixpkgs": "nixpkgs_2"
      }
    }
  },
  "root": "root",
  "version": 7
}
